
Microsoft Visual Studio Solution File, Format Version 12.00
# Visual Studio Version 16
VisualStudioVersion = 16.0.31613.86
MinimumVisualStudioVersion = 10.0.40219.1
Project("{FAE04EC0-301F-11D3-BF4B-00C04F79EFBC}") = "Clicker Gayme", "Clicker Gayme\Clicker Gayme.csproj", "{D80C4A1F-B801-483A-88CE-C8CEF1477A9C}"
EndProject
Global
	GlobalSection(SolutionConfigurationPlatforms) = preSolution
		Debug|Any CPU = Debug|Any CPU
		Release|Any CPU = Release|Any CPU
	EndGlobalSection
	GlobalSection(ProjectConfigurationPlatforms) = postSolution
		{D80C4A1F-B801-483A-88CE-C8CEF1477A9C}.Debug|Any CPU.ActiveCfg = Debug|Any CPU
		{D80C4A1F-B801-483A-88CE-C8CEF1477A9C}.Debug|Any CPU.Build.0 = Debug|Any CPU
		{D80C4A1F-B801-483A-88CE-C8CEF1477A9C}.Release|Any CPU.ActiveCfg = Release|Any CPU
		{D80C4A1F-B801-483A-88CE-C8CEF1477A9C}.Release|Any CPU.Build.0 = Release|Any CPU
	EndGlobalSection
	GlobalSection(SolutionProperties) = preSolution
		HideSolutionNode = FALSE
	EndGlobalSection
	GlobalSection(ExtensibilityGlobals) = postSolution
		SolutionGuid = {83815049-7F53-4EBA-85BE-B13ACDF1EEB3}
	EndGlobalSection
EndGlobal
